{
  "requires": true,
  "lockfileVersion": 1,
  "dependencies": {
    "react-chartjs-2": {
      "version": "5.0.1",
      "resolved": "https://registry.npmjs.org/react-chartjs-2/-/react-chartjs-2-5.0.1.tgz",
      "integrity": "sha512-u38C9OxynlNCBp+79grgXRs7DSJ9w8FuQ5/HO5FbYBbri8HSZW+9SWgjVshLkbXBfXnMGWakbHEtvN0nL2UG7Q=="
    },
    "react-truncate": {
      "version": "2.4.0",
      "resolved": "https://registry.npmjs.org/react-truncate/-/react-truncate-2.4.0.tgz",
      "integrity": "sha512-3QW11/COYwi6iPUaunUhl06DW5NJBJD1WkmxW5YxqqUu6kvP+msB3jfoLg8WRbu57JqgebjVW8Lknw6T5/QZdA=="
    }
  }
}
